{
  "name": "agent-unit-cloudflare-ai-sdk",
  "lockfileVersion": 3,
  "requires": true,
  "packages": {
    "": {
      "name": "agent-unit-cloudflare-ai-sdk",
      "dependencies": {
        "@ai-sdk/anthropic": "4.0.74",
        "@ai-sdk/openai": "4.0.86",
        "agent-unit": "file:../..",
        "ai": "7.0.30",
        "zod": "4.3.6"
      }
    },
    "../..": {
      "version": "0.1.1",
      "license": "MIT",
      "dependencies": {
        "citty": "0.2.2",
        "h3": "2.0.1-rc.32",
        "jiti": "2.7.0",
        "nitro": "3.0.260903-beta",
        "srvx": "1.0.5",
        "unstorage": "2.0.0-alpha.10"
      },
      "bin": {
        "agent-unit": "dist/cli.mjs"
      },
      "devDependencies": {
        "@langchain/core": "1.2.14",
        "@langchain/langgraph": "1.4.19",
        "@mastra/core": "1.74.0",
        "@openai/agents": "0.19.0",
        "@types/node": "^20.19.43",
        "ai": "7.0.30",
        "tsdown": "0.15.7",
        "typescript": "5.9.3",
        "vitest": "3.2.7",
        "workerd": "^1.20261006.1",
        "zod": "4.3.6"
      },
      "engines": {
        "node": ">=20.19"
      },
      "peerDependencies": {
        "@langchain/core": ">=1",
        "@langchain/langgraph": ">=1",
        "@mastra/core": ">=1",
        "@openai/agents": ">=0.19",
        "ai": ">=7"
      },
      "peerDependenciesMeta": {
        "@langchain/core": {
          "optional": true
        },
        "@langchain/langgraph": {
          "optional": true
        },
        "@mastra/core": {
          "optional": true
        },
        "@openai/agents": {
          "optional": true
        },
        "ai": {
          "optional": true
        }
      }
    },
    "node_modules/@ai-sdk/anthropic": {
      "version": "4.0.74",
      "resolved": "https://registry.npmjs.org/@ai-sdk/anthropic/-/anthropic-4.0.74.tgz",
      "integrity": "sha512-q/A7hCZSsCknmC1TtyNkBgNlT12hbKOWrgyb1UdPpIAO9sZcFS0nilZFIsW/ugVKG+hd6bU1r9NL1Ru33FDwZw==",
      "license": "Apache-2.0",
      "dependencies": {
        "@ai-sdk/provider": "4.0.24",
        "@ai-sdk/provider-utils": "5.0.56"
      },
      "engines": {
        "node": ">=22"
      },
      "peerDependencies": {
        "zod": "^3.25.76 || ^4.1.8"
      }
    },
    "node_modules/@ai-sdk/gateway": {
      "version": "4.0.22",
      "resolved": "https://registry.npmjs.org/@ai-sdk/gateway/-/gateway-4.0.22.tgz",
      "integrity": "sha512-KdXJLa6O25fltJC/Lh8gnB1VaYMdX2mEKIalkohuItS+Ig523XxwK9e/Uuc66AvtrLIf7G51cDg3rDpP9mrxwQ==",
      "license": "Apache-2.0",
      "dependencies": {
        "@ai-sdk/provider": "4.0.3",
        "@ai-sdk/provider-utils": "5.0.10",
        "@vercel/oidc": "3.2.0"
      },
      "engines": {
        "node": ">=22"
      },
      "peerDependencies": {
        "zod": "^3.25.76 || ^4.1.8"
      }
    },
    "node_modules/@ai-sdk/gateway/node_modules/@ai-sdk/provider": {
      "version": "4.0.3",
      "resolved": "https://registry.npmjs.org/@ai-sdk/provider/-/provider-4.0.3.tgz",
      "integrity": "sha512-e0CpNWJUY7OxAFAnCZkw+ri9QOHWwTs1tXP42782KFGCU07qt8NiXCrCVowyCB5dP2r5/Uls+g2oPd8kOJn9dw==",
      "license": "Apache-2.0",
      "dependencies": {
        "json-schema": "^0.4.0"
      },
      "engines": {
        "node": ">=22"
      }
    },
    "node_modules/@ai-sdk/gateway/node_modules/@ai-sdk/provider-utils": {
      "version": "5.0.10",
      "resolved": "https://registry.npmjs.org/@ai-sdk/provider-utils/-/provider-utils-5.0.10.tgz",
      "integrity": "sha512-uPyec0+85dwxZYXtb8qe8gCjhjDfxP4LCDo/uRQS/iG+FIgYbHPRhr/ys281udG90bTaE18+5cxWraYaf8oHCw==",
      "license": "Apache-2.0",
      "dependencies": {
        "@ai-sdk/provider": "4.0.3",
        "@standard-schema/spec": "^1.1.0",
        "@workflow/serde": "4.1.0",
        "eventsource-parser": "^3.0.8"
      },
      "engines": {
        "node": ">=22"
      },
      "peerDependencies": {
        "zod": "^3.25.76 || ^4.1.8"
      }
    },
    "node_modules/@ai-sdk/openai": {
      "version": "4.0.86",
      "resolved": "https://registry.npmjs.org/@ai-sdk/openai/-/openai-4.0.86.tgz",
      "integrity": "sha512-sbUHayMvjAYV6ELydYXFTr5UBX5qyYmRELqZR3tV0dieUhgUYd8dED9bwEgqZJNJU6V8GGLOlaEpL1ltbNXA/g==",
      "license": "Apache-2.0",
      "dependencies": {
        "@ai-sdk/provider": "4.0.24",
        "@ai-sdk/provider-utils": "5.0.56"
      },
      "engines": {
        "node": ">=22"
      },
      "peerDependencies": {
        "zod": "^3.25.76 || ^4.1.8"
      }
    },
    "node_modules/@ai-sdk/provider": {
      "version": "4.0.24",
      "resolved": "https://registry.npmjs.org/@ai-sdk/provider/-/provider-4.0.24.tgz",
      "integrity": "sha512-iztFqJTdxNN0ZzqZAAnVPMhRMaL1bfQFa3GIPAffWQ0+dP2FXIkyMD8kHeEI7EpB/C6TR45cqOkrS7YZZ1sATA==",
      "license": "Apache-2.0",
      "dependencies": {
        "json-schema": "^0.4.0"
      },
      "engines": {
        "node": ">=22"
      }
    },
    "node_modules/@ai-sdk/provider-utils": {
      "version": "5.0.56",
      "resolved": "https://registry.npmjs.org/@ai-sdk/provider-utils/-/provider-utils-5.0.56.tgz",
      "integrity": "sha512-F7/U1YpVXEfSxRHbxScm0PVdr9lN6GaUWHnt8ws2UjuGeuxWHqCkV25dGpHAkpDHkuIXoC+aak/OqSylKSJmHw==",
      "license": "Apache-2.0",
      "dependencies": {
        "@ai-sdk/provider": "4.0.24",
        "@standard-schema/spec": "^1.1.0",
        "@workflow/serde": "4.1.0",
        "eventsource-parser": "^3.0.8",
        "undici": "^7.29.0"
      },
      "engines": {
        "node": ">=22"
      },
      "peerDependencies": {
        "zod": "^3.25.76 || ^4.1.8"
      }
    },
    "node_modules/@standard-schema/spec": {
      "version": "1.1.0",
      "resolved": "https://registry.npmjs.org/@standard-schema/spec/-/spec-1.1.0.tgz",
      "integrity": "sha512-l2aFy5jALhniG5HgqrD6jXLi/rUWrKvqN/qJx6yoJsgKhblVd+iqqU4RCXavm/jPityDo5TCvKMnpjKnOriy0w==",
      "license": "MIT"
    },
    "node_modules/@vercel/oidc": {
      "version": "3.2.0",
      "resolved": "https://registry.npmjs.org/@vercel/oidc/-/oidc-3.2.0.tgz",
      "integrity": "sha512-UycprH3T6n3jH0k44NHMa7pnFHGu/N05MjojYr+Mc6I7obkoLIJujSWwin1pCvdy/eOxrI/l3uDLQsmcrOb4ug==",
      "license": "Apache-2.0",
      "engines": {
        "node": ">= 20"
      }
    },
    "node_modules/@workflow/serde": {
      "version": "4.1.0",
      "resolved": "https://registry.npmjs.org/@workflow/serde/-/serde-4.1.0.tgz",
      "integrity": "sha512-pav4F2BoirECWR7Nf1TKt+2eETcBj7jj4cBefQ8VXQCA6NPkaKeLfj/zMgi+3zYV5ZIBT4GuUiphsj0/b9hPQQ==",
      "license": "Apache-2.0"
    },
    "node_modules/agent-unit": {
      "resolved": "../..",
      "link": true
    },
    "node_modules/ai": {
      "version": "7.0.30",
      "resolved": "https://registry.npmjs.org/ai/-/ai-7.0.30.tgz",
      "integrity": "sha512-tm0gTAHSWBdDfW4P2mj+LlglGCUQTSA9ktyS2PsPgVhxNO9gYWTSnRAehiJ3h1lYsJBp1Zgbz3RH2lezJXagiw==",
      "license": "Apache-2.0",
      "dependencies": {
        "@ai-sdk/gateway": "4.0.22",
        "@ai-sdk/provider": "4.0.3",
        "@ai-sdk/provider-utils": "5.0.10"
      },
      "engines": {
        "node": ">=22"
      },
      "peerDependencies": {
        "zod": "^3.25.76 || ^4.1.8"
      }
    },
    "node_modules/ai/node_modules/@ai-sdk/provider": {
      "version": "4.0.3",
      "resolved": "https://registry.npmjs.org/@ai-sdk/provider/-/provider-4.0.3.tgz",
      "integrity": "sha512-e0CpNWJUY7OxAFAnCZkw+ri9QOHWwTs1tXP42782KFGCU07qt8NiXCrCVowyCB5dP2r5/Uls+g2oPd8kOJn9dw==",
      "license": "Apache-2.0",
      "dependencies": {
        "json-schema": "^0.4.0"
      },
      "engines": {
        "node": ">=22"
      }
    },
    "node_modules/ai/node_modules/@ai-sdk/provider-utils": {
      "version": "5.0.10",
      "resolved": "https://registry.npmjs.org/@ai-sdk/provider-utils/-/provider-utils-5.0.10.tgz",
      "integrity": "sha512-uPyec0+85dwxZYXtb8qe8gCjhjDfxP4LCDo/uRQS/iG+FIgYbHPRhr/ys281udG90bTaE18+5cxWraYaf8oHCw==",
      "license": "Apache-2.0",
      "dependencies": {
        "@ai-sdk/provider": "4.0.3",
        "@standard-schema/spec": "^1.1.0",
        "@workflow/serde": "4.1.0",
        "eventsource-parser": "^3.0.8"
      },
      "engines": {
        "node": ">=22"
      },
      "peerDependencies": {
        "zod": "^3.25.76 || ^4.1.8"
      }
    },
    "node_modules/eventsource-parser": {
      "version": "3.1.1",
      "resolved": "https://registry.npmjs.org/eventsource-parser/-/eventsource-parser-3.1.1.tgz",
      "integrity": "sha512-EKN1vKAMcZ8MlYMpaNuxN6R9yakzH6uajHcHVTqWJzvu5pWw9DyhbP35HH8MVBQ+dZjAfDxk+A8NiR9KWaXiyQ==",
      "license": "MIT",
      "engines": {
        "node": ">=18.0.0"
      }
    },
    "node_modules/json-schema": {
      "version": "0.4.0",
      "resolved": "https://registry.npmjs.org/json-schema/-/json-schema-0.4.0.tgz",
      "integrity": "sha512-es94M3nTIfsEPisRafak+HDLfHXnKBhV3vU5eqPcS3flIWqcxJWgXHXiey3YrpaNsanY5ei1VoYEbOzijuq9BA==",
      "license": "(AFL-2.1 OR BSD-3-Clause)"
    },
    "node_modules/undici": {
      "version": "7.30.0",
      "resolved": "https://registry.npmjs.org/undici/-/undici-7.30.0.tgz",
      "integrity": "sha512-dkrQXeHSaoamnItlYbmzG0wFYrM0ZwDxCIg0A7aKjTyyhh9svRzCNFEzV+Vm05/yehjCzjDZ31KXfGEjYSztDQ==",
      "license": "MIT",
      "engines": {
        "node": ">=20.18.1"
      }
    },
    "node_modules/zod": {
      "version": "4.3.6",
      "resolved": "https://registry.npmjs.org/zod/-/zod-4.3.6.tgz",
      "integrity": "sha512-rftlrkhHZOcjDwkGlnUtZZkvaPHCsDATp4pGpuOOMDaTdDDXF91wuVDJoWoPsKX/3YPQ5fHuF3STjcYyKr+Qhg==",
      "license": "MIT",
      "funding": {
        "url": "https://github.com/sponsors/colinhacks"
      }
    }
  }
}
